
Microsoft Visual Studio Solution File, Format Version 12.00
# Visual Studio Version 16
VisualStudioVersion = 16.0.31229.75
MinimumVisualStudioVersion = 10.0.40219.1
Project("{FAE04EC0-301F-11D3-BF4B-00C04F79EFBC}") = "GrantThornton.ProgressBar", "GrantThornton.ProgressBar\GrantThornton.ProgressBar.csproj", "{7C517421-B937-43CC-8D4D-F72A6C60A333}"
EndProject
Global
	GlobalSection(SolutionConfigurationPlatforms) = preSolution
		Debug|Any CPU = Debug|Any CPU
		Release|Any CPU = Release|Any CPU
	EndGlobalSection
	GlobalSection(ProjectConfigurationPlatforms) = postSolution
		{7C517421-B937-43CC-8D4D-F72A6C60A333}.Debug|Any CPU.ActiveCfg = Debug|Any CPU
		{7C517421-B937-43CC-8D4D-F72A6C60A333}.Debug|Any CPU.Build.0 = Debug|Any CPU
		{7C517421-B937-43CC-8D4D-F72A6C60A333}.Release|Any CPU.ActiveCfg = Release|Any CPU
		{7C517421-B937-43CC-8D4D-F72A6C60A333}.Release|Any CPU.Build.0 = Release|Any CPU
	EndGlobalSection
	GlobalSection(SolutionProperties) = preSolution
		HideSolutionNode = FALSE
	EndGlobalSection
	GlobalSection(ExtensibilityGlobals) = postSolution
		SolutionGuid = {3F4A8A6E-0A7E-444B-AE45-7B168C1296F2}
	EndGlobalSection
EndGlobal
